
Microsoft Visual Studio Solution File, Format Version 12.00
# Visual Studio Version 17
VisualStudioVersion = 17.8.34330.188
MinimumVisualStudioVersion = 10.0.40219.1
Project("{FAE04EC0-301F-11D3-BF4B-00C04F79EFBC}") = "Basics", "Basics.csproj", "{91B35369-0645-4A62-880E-7C2B2131D6BD}"
EndProject
Global
	GlobalSection(SolutionConfigurationPlatforms) = preSolution
		Debug|Any CPU = Debug|Any CPU
		Release|Any CPU = Release|Any CPU
	EndGlobalSection
	GlobalSection(ProjectConfigurationPlatforms) = postSolution
		{91B35369-0645-4A62-880E-7C2B2131D6BD}.Debug|Any CPU.ActiveCfg = Debug|Any CPU
		{91B35369-0645-4A62-880E-7C2B2131D6BD}.Debug|Any CPU.Build.0 = Debug|Any CPU
		{91B35369-0645-4A62-880E-7C2B2131D6BD}.Release|Any CPU.ActiveCfg = Release|Any CPU
		{91B35369-0645-4A62-880E-7C2B2131D6BD}.Release|Any CPU.Build.0 = Release|Any CPU
	EndGlobalSection
	GlobalSection(SolutionProperties) = preSolution
		HideSolutionNode = FALSE
	EndGlobalSection
	GlobalSection(ExtensibilityGlobals) = postSolution
		SolutionGuid = {0398F980-0597-45E2-A0B6-1222C91201D5}
	EndGlobalSection
EndGlobal
